{
  "requires": true,
  "lockfileVersion": 1,
  "dependencies": {
    "@types/jquery": {
      "version": "3.3.6",
      "resolved": "https://registry.npmjs.org/@types/jquery/-/jquery-3.3.6.tgz",
      "integrity": "sha512-403D4wN95Mtzt2EoQHARf5oe/jEPhzBOBNrunk+ydQGW8WmkQ/E8rViRAEB1qEt/vssfGfNVD6ujP4FVeegrLg=="
    },
    "@types/knockout": {
      "version": "3.4.59",
      "resolved": "https://registry.npmjs.org/@types/knockout/-/knockout-3.4.59.tgz",
      "integrity": "sha512-uLVb9AWPnQajGE8QETNVS2qPpxTVzsWOWP9dLwBrqfIkatR3mCOoU3QP8idI4YDwRRxdTlYgfSeMFbUOjENvyw==",
      "dev": true
    }
  }
}
